
Microsoft Visual Studio Solution File, Format Version 12.00
# Visual Studio Version 17
VisualStudioVersion = 17.0.31903.59
MinimumVisualStudioVersion = 10.0.40219.1
Project("{FAE04EC0-301F-11D3-BF4B-00C04F79EFBC}") = "Bank.Domain", "Bank.Domain\Bank.Domain.csproj", "{43A0B34F-3EF6-4E96-9016-1110CE65BB1E}"
EndProject
Project("{FAE04EC0-301F-11D3-BF4B-00C04F79EFBC}") = "Bank.Domain.Tests", "Bank.Domain.Tests\Bank.Domain.Tests.csproj", "{13708E0C-DE05-4D69-AD24-B79C39DD740E}"
EndProject
Global
	GlobalSection(SolutionConfigurationPlatforms) = preSolution
		Debug|Any CPU = Debug|Any CPU
		Release|Any CPU = Release|Any CPU
	EndGlobalSection
	GlobalSection(SolutionProperties) = preSolution
		HideSolutionNode = FALSE
	EndGlobalSection
	GlobalSection(ProjectConfigurationPlatforms) = postSolution
		{43A0B34F-3EF6-4E96-9016-1110CE65BB1E}.Debug|Any CPU.ActiveCfg = Debug|Any CPU
		{43A0B34F-3EF6-4E96-9016-1110CE65BB1E}.Debug|Any CPU.Build.0 = Debug|Any CPU
		{43A0B34F-3EF6-4E96-9016-1110CE65BB1E}.Release|Any CPU.ActiveCfg = Release|Any CPU
		{43A0B34F-3EF6-4E96-9016-1110CE65BB1E}.Release|Any CPU.Build.0 = Release|Any CPU
		{13708E0C-DE05-4D69-AD24-B79C39DD740E}.Debug|Any CPU.ActiveCfg = Debug|Any CPU
		{13708E0C-DE05-4D69-AD24-B79C39DD740E}.Debug|Any CPU.Build.0 = Debug|Any CPU
		{13708E0C-DE05-4D69-AD24-B79C39DD740E}.Release|Any CPU.ActiveCfg = Release|Any CPU
		{13708E0C-DE05-4D69-AD24-B79C39DD740E}.Release|Any CPU.Build.0 = Release|Any CPU
	EndGlobalSection
EndGlobal
